
Microsoft Visual Studio Solution File, Format Version 12.00
# Visual Studio Version 17
VisualStudioVersion = 17.1.32421.90
MinimumVisualStudioVersion = 10.0.40219.1
Project("{FAE04EC0-301F-11D3-BF4B-00C04F79EFBC}") = "Challenge6Ejerc9", "Challenge6Ejerc9\Challenge6Ejerc9.csproj", "{71515487-86F0-40B9-8009-848677E3DBD8}"
EndProject
Global
	GlobalSection(SolutionConfigurationPlatforms) = preSolution
		Debug|Any CPU = Debug|Any CPU
		Release|Any CPU = Release|Any CPU
	EndGlobalSection
	GlobalSection(ProjectConfigurationPlatforms) = postSolution
		{71515487-86F0-40B9-8009-848677E3DBD8}.Debug|Any CPU.ActiveCfg = Debug|Any CPU
		{71515487-86F0-40B9-8009-848677E3DBD8}.Debug|Any CPU.Build.0 = Debug|Any CPU
		{71515487-86F0-40B9-8009-848677E3DBD8}.Release|Any CPU.ActiveCfg = Release|Any CPU
		{71515487-86F0-40B9-8009-848677E3DBD8}.Release|Any CPU.Build.0 = Release|Any CPU
	EndGlobalSection
	GlobalSection(SolutionProperties) = preSolution
		HideSolutionNode = FALSE
	EndGlobalSection
	GlobalSection(ExtensibilityGlobals) = postSolution
		SolutionGuid = {8A516A0C-7952-4AF3-8AD1-A1964120F8B9}
	EndGlobalSection
EndGlobal
